
Microsoft Visual Studio Solution File, Format Version 12.00
# Visual Studio Version 17
VisualStudioVersion = 17.4.33213.308
MinimumVisualStudioVersion = 10.0.40219.1
Project("{FAE04EC0-301F-11D3-BF4B-00C04F79EFBC}") = "ConsoleApp2", "ConsoleApp2\ConsoleApp2.csproj", "{5FA52510-3CBB-4DF0-B0BC-4AEBBB96A9AF}"
EndProject
Global
	GlobalSection(SolutionConfigurationPlatforms) = preSolution
		Debug|Any CPU = Debug|Any CPU
		Release|Any CPU = Release|Any CPU
	EndGlobalSection
	GlobalSection(ProjectConfigurationPlatforms) = postSolution
		{5FA52510-3CBB-4DF0-B0BC-4AEBBB96A9AF}.Debug|Any CPU.ActiveCfg = Debug|Any CPU
		{5FA52510-3CBB-4DF0-B0BC-4AEBBB96A9AF}.Debug|Any CPU.Build.0 = Debug|Any CPU
		{5FA52510-3CBB-4DF0-B0BC-4AEBBB96A9AF}.Release|Any CPU.ActiveCfg = Release|Any CPU
		{5FA52510-3CBB-4DF0-B0BC-4AEBBB96A9AF}.Release|Any CPU.Build.0 = Release|Any CPU
	EndGlobalSection
	GlobalSection(SolutionProperties) = preSolution
		HideSolutionNode = FALSE
	EndGlobalSection
	GlobalSection(ExtensibilityGlobals) = postSolution
		SolutionGuid = {5E22754A-1794-4801-B2D9-6A6E96A1DBE9}
	EndGlobalSection
EndGlobal
